
Microsoft Visual Studio Solution File, Format Version 12.00
# Visual Studio Version 17
VisualStudioVersion = 17.3.32922.545
MinimumVisualStudioVersion = 10.0.40219.1
Project("{FAE04EC0-301F-11D3-BF4B-00C04F79EFBC}") = "chitiet", "chitiet\chitiet.csproj", "{BF408412-6F48-454A-85A2-42CEBEEC2445}"
EndProject
Global
	GlobalSection(SolutionConfigurationPlatforms) = preSolution
		Debug|Any CPU = Debug|Any CPU
		Release|Any CPU = Release|Any CPU
	EndGlobalSection
	GlobalSection(ProjectConfigurationPlatforms) = postSolution
		{BF408412-6F48-454A-85A2-42CEBEEC2445}.Debug|Any CPU.ActiveCfg = Debug|Any CPU
		{BF408412-6F48-454A-85A2-42CEBEEC2445}.Debug|Any CPU.Build.0 = Debug|Any CPU
		{BF408412-6F48-454A-85A2-42CEBEEC2445}.Release|Any CPU.ActiveCfg = Release|Any CPU
		{BF408412-6F48-454A-85A2-42CEBEEC2445}.Release|Any CPU.Build.0 = Release|Any CPU
	EndGlobalSection
	GlobalSection(SolutionProperties) = preSolution
		HideSolutionNode = FALSE
	EndGlobalSection
	GlobalSection(ExtensibilityGlobals) = postSolution
		SolutionGuid = {1873D497-58F1-40D0-913C-8B416DEA9733}
	EndGlobalSection
EndGlobal
