
Microsoft Visual Studio Solution File, Format Version 12.00
# Visual Studio Version 17
VisualStudioVersion = 17.3.32922.545
MinimumVisualStudioVersion = 10.0.40219.1
Project("{FAE04EC0-301F-11D3-BF4B-00C04F79EFBC}") = "caphesuada", "caphesuada\caphesuada.csproj", "{BD875D70-8C73-4625-B56D-BBF654F84CCF}"
EndProject
Global
	GlobalSection(SolutionConfigurationPlatforms) = preSolution
		Debug|Any CPU = Debug|Any CPU
		Release|Any CPU = Release|Any CPU
	EndGlobalSection
	GlobalSection(ProjectConfigurationPlatforms) = postSolution
		{BD875D70-8C73-4625-B56D-BBF654F84CCF}.Debug|Any CPU.ActiveCfg = Debug|Any CPU
		{BD875D70-8C73-4625-B56D-BBF654F84CCF}.Debug|Any CPU.Build.0 = Debug|Any CPU
		{BD875D70-8C73-4625-B56D-BBF654F84CCF}.Release|Any CPU.ActiveCfg = Release|Any CPU
		{BD875D70-8C73-4625-B56D-BBF654F84CCF}.Release|Any CPU.Build.0 = Release|Any CPU
	EndGlobalSection
	GlobalSection(SolutionProperties) = preSolution
		HideSolutionNode = FALSE
	EndGlobalSection
	GlobalSection(ExtensibilityGlobals) = postSolution
		SolutionGuid = {65915779-0847-48C1-A8E9-A498835498F6}
	EndGlobalSection
EndGlobal
